{
  "name": "angular-openvidu",
  "version": "0.8.0",
  "lockfileVersion": 1,
  "requires": true,
  "dependencies": {
    "@types/wolfy87-eventemitter": {
      "version": "4.2.31",
      "resolved": "https://registry.npmjs.org/@types/wolfy87-eventemitter/-/wolfy87-eventemitter-4.2.31.tgz",
      "integrity": "sha1-TSYSHRLgit518zdpVueW3+j8dWw="
    },
    "angular-bigscreen": {
      "version": "3.2.0",
      "resolved": "https://registry.npmjs.org/angular-bigscreen/-/angular-bigscreen-3.2.0.tgz",
      "integrity": "sha512-bnSbnXZiDsZnHwuIKoOK076pA0cTbmbk1V3eApheUGcaozUyfuBl44cK9S47oPNMcSiFfG39XhdGtYiPsz47Rw==",
      "requires": {
        "tslib": "^1.9.0"
      }
    },
    "commander": {
      "version": "2.1.0",
      "resolved": "https://registry.npmjs.org/commander/-/commander-2.1.0.tgz",
      "integrity": "sha1-0SG7roYNmZKj1Re6lvVliOR8Z4E="
    },
    "debug": {
      "version": "2.6.9",
      "resolved": "https://registry.npmjs.org/debug/-/debug-2.6.9.tgz",
      "integrity": "sha512-bC7ElrdJaJnPbAP+1EotYvqZsb3ecl5wi6Bfi6BJTUcNowp6cvspg0jXznRTKDjm/E7AdgFBVeAPVMNcKGsHMA==",
      "requires": {
        "ms": "2.0.0"
      }
    },
    "eventsource": {
      "version": "0.1.6",
      "resolved": "https://registry.npmjs.org/eventsource/-/eventsource-0.1.6.tgz",
      "integrity": "sha1-Cs7ehJ7X3RzMMsgRuxG5RNTykjI=",
      "requires": {
        "original": ">=0.0.5"
      }
    },
    "faye-websocket": {
      "version": "0.11.1",
      "resolved": "https://registry.npmjs.org/faye-websocket/-/faye-websocket-0.11.1.tgz",
      "integrity": "sha1-8O/hjE9W5PQK/H4Gxxn9XuYYjzg=",
      "requires": {
        "websocket-driver": ">=0.5.1"
      }
    },
    "freeice": {
      "version": "2.2.2",
      "resolved": "https://registry.npmjs.org/freeice/-/freeice-2.2.2.tgz",
      "integrity": "sha512-XNoIxDHufqPIBSLpp4IrFPnoc+hv/0RwdOGhIoggIDC2ZKf5r6OoixbeoFJSmZOAq2aYiEUArhuQ8zVVrM5C4w==",
      "requires": {
        "normalice": "^1.0.0"
      }
    },
    "hark": {
      "version": "1.1.3",
      "resolved": "https://registry.npmjs.org/hark/-/hark-1.1.3.tgz",
      "integrity": "sha1-Z5y3hsSPKxl3aMidej4NisYm1Vg=",
      "requires": {
        "wildemitter": "^1.2.0"
      }
    },
    "http-parser-js": {
      "version": "0.5.0",
      "resolved": "https://registry.npmjs.org/http-parser-js/-/http-parser-js-0.5.0.tgz",
      "integrity": "sha512-cZdEF7r4gfRIq7ezX9J0T+kQmJNOub71dWbgAXVHDct80TKP4MCETtZQ31xyv38UwgzkWPYF/Xc0ge55dW9Z9w=="
    },
    "inherits": {
      "version": "2.0.3",
      "resolved": "https://registry.npmjs.org/inherits/-/inherits-2.0.3.tgz",
      "integrity": "sha1-Yzwsg+PaQqUC9SRmAiSA9CCCYd4="
    },
    "json3": {
      "version": "3.3.2",
      "resolved": "https://registry.npmjs.org/json3/-/json3-3.3.2.tgz",
      "integrity": "sha1-PAQ0dD35Pi9cQq7nsZvLSDV19OE="
    },
    "kurento-browser-extensions": {
      "version": "0.0.2",
      "resolved": "https://registry.npmjs.org/kurento-browser-extensions/-/kurento-browser-extensions-0.0.2.tgz",
      "integrity": "sha1-SyusK4IKoAS3JKz2rj603+gSars=",
      "optional": true
    },
    "kurento-jsonrpc": {
      "version": "5.1.3",
      "resolved": "https://registry.npmjs.org/kurento-jsonrpc/-/kurento-jsonrpc-5.1.3.tgz",
      "integrity": "sha1-zguXfiZ2qHjtLARkyCVCWFdCIDA=",
      "requires": {
        "inherits": "^2.0.1",
        "sockjs-client": "1.1.1",
        "ws": "^0.4.31"
      }
    },
    "kurento-utils": {
      "version": "6.6.2",
      "resolved": "https://registry.npmjs.org/kurento-utils/-/kurento-utils-6.6.2.tgz",
      "integrity": "sha1-TeQIpbsWUgAjryYb3Y2iLN8CQjg=",
      "requires": {
        "freeice": "^2.1.2",
        "hark": "1.1.3",
        "inherits": "^2.0.1",
        "kurento-browser-extensions": "*",
        "merge": "^1.2.0",
        "sdp-translator": "^0.1.15",
        "ua-parser-js": "^0.7.7",
        "uuid": "~2.0.1"
      }
    },
    "merge": {
      "version": "1.2.1",
      "resolved": "https://registry.npmjs.org/merge/-/merge-1.2.1.tgz",
      "integrity": "sha512-VjFo4P5Whtj4vsLzsYBu5ayHhoHJ0UqNm7ibvShmbmoz7tGi0vXaoJbGdB+GmDMLUdg8DpQXEIeVDAe8MaABvQ=="
    },
    "ms": {
      "version": "2.0.0",
      "resolved": "https://registry.npmjs.org/ms/-/ms-2.0.0.tgz",
      "integrity": "sha1-VgiurfwAvmwpAd9fmGF4jeDVl8g="
    },
    "nan": {
      "version": "1.0.0",
      "resolved": "https://registry.npmjs.org/nan/-/nan-1.0.0.tgz",
      "integrity": "sha1-riT4hQgY1mL8q1rPfzuVv6oszzg="
    },
    "ng2-split-pane": {
      "version": "1.4.0",
      "resolved": "https://registry.npmjs.org/ng2-split-pane/-/ng2-split-pane-1.4.0.tgz",
      "integrity": "sha1-mrQtR0skfojSc2GG76dfDS+jCVI="
    },
    "normalice": {
      "version": "1.0.1",
      "resolved": "https://registry.npmjs.org/normalice/-/normalice-1.0.1.tgz",
      "integrity": "sha1-A0NcLuzVYxprygLaOTDsPjRagPc="
    },
    "openvidu-browser": {
      "version": "1.0.2",
      "resolved": "https://registry.npmjs.org/openvidu-browser/-/openvidu-browser-1.0.2.tgz",
      "integrity": "sha1-KkFygKqHUb9Di/dYfKSnusOrRSk=",
      "requires": {
        "@types/wolfy87-eventemitter": "4.2.31",
        "kurento-jsonrpc": "5.1.3",
        "kurento-utils": "6.6.2",
        "sdp-translator": "^0.1.15",
        "uuid": "~2.0.1",
        "webrtc-adapter": "3.3.2",
        "wolfy87-eventemitter": "4.2.9"
      }
    },
    "options": {
      "version": "0.0.6",
      "resolved": "https://registry.npmjs.org/options/-/options-0.0.6.tgz",
      "integrity": "sha1-7CLTEoBrtT5zF3Pnza788cZDEo8="
    },
    "original": {
      "version": "1.0.2",
      "resolved": "https://registry.npmjs.org/original/-/original-1.0.2.tgz",
      "integrity": "sha512-hyBVl6iqqUOJ8FqRe+l/gS8H+kKYjrEndd5Pm1MfBtsEKA038HkkdbAl/72EAXGyonD/PFsvmVG+EvcIpliMBg==",
      "requires": {
        "url-parse": "^1.4.3"
      }
    },
    "querystringify": {
      "version": "2.1.1",
      "resolved": "https://registry.npmjs.org/querystringify/-/querystringify-2.1.1.tgz",
      "integrity": "sha512-w7fLxIRCRT7U8Qu53jQnJyPkYZIaR4n5151KMfcJlO/A9397Wxb1amJvROTK6TOnp7PfoAmg/qXiNHI+08jRfA=="
    },
    "requires-port": {
      "version": "1.0.0",
      "resolved": "https://registry.npmjs.org/requires-port/-/requires-port-1.0.0.tgz",
      "integrity": "sha1-kl0mAdOaxIXgkc8NpcbmlNw9yv8="
    },
    "sdp": {
      "version": "1.5.4",
      "resolved": "https://registry.npmjs.org/sdp/-/sdp-1.5.4.tgz",
      "integrity": "sha1-jgOPbdsUvXZa4fS1IW4SCUUR4NA="
    },
    "sdp-transform": {
      "version": "1.5.3",
      "resolved": "https://registry.npmjs.org/sdp-transform/-/sdp-transform-1.5.3.tgz",
      "integrity": "sha1-im0Pi9aZzjq8MQuksc3lmJKKCBY="
    },
    "sdp-translator": {
      "version": "0.1.24",
      "resolved": "https://registry.npmjs.org/sdp-translator/-/sdp-translator-0.1.24.tgz",
      "integrity": "sha1-g/uNY0pj8VzZlEI33ZC9QGkGxvM=",
      "requires": {
        "sdp-transform": "1.5.*"
      }
    },
    "sockjs-client": {
      "version": "1.1.1",
      "resolved": "https://registry.npmjs.org/sockjs-client/-/sockjs-client-1.1.1.tgz",
      "integrity": "sha1-KEhD6al4TXxHSxVxsyQPyp3aS7A=",
      "requires": {
        "debug": "^2.2.0",
        "eventsource": "~0.1.6",
        "faye-websocket": "~0.11.0",
        "inherits": "^2.0.1",
        "json3": "^3.3.2",
        "url-parse": "^1.1.1"
      }
    },
    "tinycolor": {
      "version": "0.0.1",
      "resolved": "https://registry.npmjs.org/tinycolor/-/tinycolor-0.0.1.tgz",
      "integrity": "sha1-MgtaUtg6u1l42Bo+iH1K77FaYWQ="
    },
    "tslib": {
      "version": "1.9.3",
      "resolved": "https://registry.npmjs.org/tslib/-/tslib-1.9.3.tgz",
      "integrity": "sha512-4krF8scpejhaOgqzBEcGM7yDIEfi0/8+8zDRZhNZZ2kjmHJ4hv3zCbQWxoJGz1iw5U0Jl0nma13xzHXcncMavQ=="
    },
    "ua-parser-js": {
      "version": "0.7.19",
      "resolved": "https://registry.npmjs.org/ua-parser-js/-/ua-parser-js-0.7.19.tgz",
      "integrity": "sha512-T3PVJ6uz8i0HzPxOF9SWzWAlfN/DavlpQqepn22xgve/5QecC+XMCAtmUNnY7C9StehaV6exjUCI801lOI7QlQ=="
    },
    "url-parse": {
      "version": "1.4.4",
      "resolved": "https://registry.npmjs.org/url-parse/-/url-parse-1.4.4.tgz",
      "integrity": "sha512-/92DTTorg4JjktLNLe6GPS2/RvAd/RGr6LuktmWSMLEOa6rjnlrFXNgSbSmkNvCoL2T028A0a1JaJLzRMlFoHg==",
      "requires": {
        "querystringify": "^2.0.0",
        "requires-port": "^1.0.0"
      }
    },
    "uuid": {
      "version": "2.0.3",
      "resolved": "https://registry.npmjs.org/uuid/-/uuid-2.0.3.tgz",
      "integrity": "sha1-Z+LoY3lyFVMN/zGOW/nc6/1Hsho="
    },
    "webrtc-adapter": {
      "version": "3.3.2",
      "resolved": "https://registry.npmjs.org/webrtc-adapter/-/webrtc-adapter-3.3.2.tgz",
      "integrity": "sha1-fsItV0vAUBl3FTM9sTkcyLKgPlA=",
      "requires": {
        "sdp": "^1.4.0"
      }
    },
    "websocket-driver": {
      "version": "0.7.0",
      "resolved": "https://registry.npmjs.org/websocket-driver/-/websocket-driver-0.7.0.tgz",
      "integrity": "sha1-DK+dLXVdk67gSdS90NP+LMoqJOs=",
      "requires": {
        "http-parser-js": ">=0.4.0",
        "websocket-extensions": ">=0.1.1"
      }
    },
    "websocket-extensions": {
      "version": "0.1.4",
      "resolved": "https://registry.npmjs.org/websocket-extensions/-/websocket-extensions-0.1.4.tgz",
      "integrity": "sha512-OqedPIGOfsDlo31UNwYbCFMSaO9m9G/0faIHj5/dZFDMFqPTcx6UwqyOy3COEaEOg/9VsGIpdqn62W5KhoKSpg=="
    },
    "wildemitter": {
      "version": "1.2.0",
      "resolved": "https://registry.npmjs.org/wildemitter/-/wildemitter-1.2.0.tgz",
      "integrity": "sha1-Kd06ctaZw+J53QIcPNIVC4LJohE="
    },
    "wolfy87-eventemitter": {
      "version": "4.2.9",
      "resolved": "https://registry.npmjs.org/wolfy87-eventemitter/-/wolfy87-eventemitter-4.2.9.tgz",
      "integrity": "sha1-NNh4yYXceB2qffsnBLHVeAHiyDU="
    },
    "ws": {
      "version": "0.4.32",
      "resolved": "https://registry.npmjs.org/ws/-/ws-0.4.32.tgz",
      "integrity": "sha1-eHphVEFPPJntg8V3IVOyD+sM7DI=",
      "requires": {
        "commander": "~2.1.0",
        "nan": "~1.0.0",
        "options": ">=0.0.5",
        "tinycolor": "0.x"
      }
    }
  }
}
